
Microsoft Visual Studio Solution File, Format Version 12.00
# Visual Studio Version 16
VisualStudioVersion = 16.0.31025.218
MinimumVisualStudioVersion = 10.0.40219.1
Project("{9A19103F-16F7-4668-BE54-9A1E7A4F7556}") = "libjpeg-turbo-net", "libjpeg-turbo-net\libjpeg-turbo-net.csproj", "{E9D3144D-A269-4DB7-84B5-8F1097C90600}"
EndProject
Project("{FAE04EC0-301F-11D3-BF4B-00C04F79EFBC}") = "TurboJpegWrapper.Tests", "TurboJpegWrapper.Tests\TurboJpegWrapper.Tests.csproj", "{7B35549C-BA0F-4B8E-9698-D4BF502AAB34}"
EndProject
Project("{FAE04EC0-301F-11D3-BF4B-00C04F79EFBC}") = "TurboJpegWrapper.PerformanceTests", "TurboJpegWrapper.PerformanceTests\TurboJpegWrapper.PerformanceTests.csproj", "{473B64C5-4F4B-4A36-82C1-0ADFF9D01501}"
EndProject
Project("{2150E333-8FDC-42A3-9474-1A3956D46DE8}") = "build", "build", "{D5D834DE-A373-459A-84C1-EF75EB6B65DD}"
	ProjectSection(SolutionItems) = preProject
		build.cake = build.cake
		build.ps1 = build.ps1
	EndProjectSection
EndProject
Project("{9A19103F-16F7-4668-BE54-9A1E7A4F7556}") = "libjpeg-turbo-native-win", "libjpeg-turbo-native-win\libjpeg-turbo-native-win.csproj", "{2764D577-1C5D-477E-A4FF-E6AA697D6A83}"
EndProject
Project("{FAE04EC0-301F-11D3-BF4B-00C04F79EFBC}") = "TurboJpegWrapper.Net40.PerformanceTests", "TurboJpegWrapper.Net40.PerformanceTests\TurboJpegWrapper.Net40.PerformanceTests.csproj", "{4E7B6125-CFC5-4641-8856-0D37E99F05B0}"
EndProject
Global
	GlobalSection(SolutionConfigurationPlatforms) = preSolution
		Debug|Any CPU = Debug|Any CPU
		Debug|x64 = Debug|x64
		Debug|x86 = Debug|x86
		Release|Any CPU = Release|Any CPU
		Release|x64 = Release|x64
		Release|x86 = Release|x86
	EndGlobalSection
	GlobalSection(ProjectConfigurationPlatforms) = postSolution
		{E9D3144D-A269-4DB7-84B5-8F1097C90600}.Debug|Any CPU.ActiveCfg = Debug|Any CPU
		{E9D3144D-A269-4DB7-84B5-8F1097C90600}.Debug|Any CPU.Build.0 = Debug|Any CPU
		{E9D3144D-A269-4DB7-84B5-8F1097C90600}.Debug|x64.ActiveCfg = Debug|Any CPU
		{E9D3144D-A269-4DB7-84B5-8F1097C90600}.Debug|x64.Build.0 = Debug|Any CPU
		{E9D3144D-A269-4DB7-84B5-8F1097C90600}.Debug|x86.ActiveCfg = Debug|Any CPU
		{E9D3144D-A269-4DB7-84B5-8F1097C90600}.Debug|x86.Build.0 = Debug|Any CPU
		{E9D3144D-A269-4DB7-84B5-8F1097C90600}.Release|Any CPU.ActiveCfg = Release|Any CPU
		{E9D3144D-A269-4DB7-84B5-8F1097C90600}.Release|Any CPU.Build.0 = Release|Any CPU
		{E9D3144D-A269-4DB7-84B5-8F1097C90600}.Release|x64.ActiveCfg = Release|Any CPU
		{E9D3144D-A269-4DB7-84B5-8F1097C90600}.Release|x64.Build.0 = Release|Any CPU
		{E9D3144D-A269-4DB7-84B5-8F1097C90600}.Release|x86.ActiveCfg = Release|Any CPU
		{E9D3144D-A269-4DB7-84B5-8F1097C90600}.Release|x86.Build.0 = Release|Any CPU
		{7B35549C-BA0F-4B8E-9698-D4BF502AAB34}.Debug|Any CPU.ActiveCfg = Debug|Any CPU
		{7B35549C-BA0F-4B8E-9698-D4BF502AAB34}.Debug|Any CPU.Build.0 = Debug|Any CPU
		{7B35549C-BA0F-4B8E-9698-D4BF502AAB34}.Debug|x64.ActiveCfg = Debug|x64
		{7B35549C-BA0F-4B8E-9698-D4BF502AAB34}.Debug|x64.Build.0 = Debug|x64
		{7B35549C-BA0F-4B8E-9698-D4BF502AAB34}.Debug|x86.ActiveCfg = Debug|x86
		{7B35549C-BA0F-4B8E-9698-D4BF502AAB34}.Debug|x86.Build.0 = Debug|x86
		{7B35549C-BA0F-4B8E-9698-D4BF502AAB34}.Release|Any CPU.ActiveCfg = Release|Any CPU
		{7B35549C-BA0F-4B8E-9698-D4BF502AAB34}.Release|Any CPU.Build.0 = Release|Any CPU
		{7B35549C-BA0F-4B8E-9698-D4BF502AAB34}.Release|x64.ActiveCfg = Release|x64
		{7B35549C-BA0F-4B8E-9698-D4BF502AAB34}.Release|x64.Build.0 = Release|x64
		{7B35549C-BA0F-4B8E-9698-D4BF502AAB34}.Release|x86.ActiveCfg = Release|x86
		{7B35549C-BA0F-4B8E-9698-D4BF502AAB34}.Release|x86.Build.0 = Release|x86
		{473B64C5-4F4B-4A36-82C1-0ADFF9D01501}.Debug|Any CPU.ActiveCfg = Debug|Any CPU
		{473B64C5-4F4B-4A36-82C1-0ADFF9D01501}.Debug|Any CPU.Build.0 = Debug|Any CPU
		{473B64C5-4F4B-4A36-82C1-0ADFF9D01501}.Debug|x64.ActiveCfg = Debug|x64
		{473B64C5-4F4B-4A36-82C1-0ADFF9D01501}.Debug|x64.Build.0 = Debug|x64
		{473B64C5-4F4B-4A36-82C1-0ADFF9D01501}.Debug|x86.ActiveCfg = Debug|x86
		{473B64C5-4F4B-4A36-82C1-0ADFF9D01501}.Debug|x86.Build.0 = Debug|x86
		{473B64C5-4F4B-4A36-82C1-0ADFF9D01501}.Release|Any CPU.ActiveCfg = Release|Any CPU
		{473B64C5-4F4B-4A36-82C1-0ADFF9D01501}.Release|Any CPU.Build.0 = Release|Any CPU
		{473B64C5-4F4B-4A36-82C1-0ADFF9D01501}.Release|x64.ActiveCfg = Release|x64
		{473B64C5-4F4B-4A36-82C1-0ADFF9D01501}.Release|x64.Build.0 = Release|x64
		{473B64C5-4F4B-4A36-82C1-0ADFF9D01501}.Release|x86.ActiveCfg = Release|x86
		{473B64C5-4F4B-4A36-82C1-0ADFF9D01501}.Release|x86.Build.0 = Release|x86
		{2764D577-1C5D-477E-A4FF-E6AA697D6A83}.Debug|Any CPU.ActiveCfg = Debug|Any CPU
		{2764D577-1C5D-477E-A4FF-E6AA697D6A83}.Debug|Any CPU.Build.0 = Debug|Any CPU
		{2764D577-1C5D-477E-A4FF-E6AA697D6A83}.Debug|x64.ActiveCfg = Debug|Any CPU
		{2764D577-1C5D-477E-A4FF-E6AA697D6A83}.Debug|x64.Build.0 = Debug|Any CPU
		{2764D577-1C5D-477E-A4FF-E6AA697D6A83}.Debug|x86.ActiveCfg = Debug|Any CPU
		{2764D577-1C5D-477E-A4FF-E6AA697D6A83}.Debug|x86.Build.0 = Debug|Any CPU
		{2764D577-1C5D-477E-A4FF-E6AA697D6A83}.Release|Any CPU.ActiveCfg = Release|Any CPU
		{2764D577-1C5D-477E-A4FF-E6AA697D6A83}.Release|Any CPU.Build.0 = Release|Any CPU
		{2764D577-1C5D-477E-A4FF-E6AA697D6A83}.Release|x64.ActiveCfg = Release|Any CPU
		{2764D577-1C5D-477E-A4FF-E6AA697D6A83}.Release|x64.Build.0 = Release|Any CPU
		{2764D577-1C5D-477E-A4FF-E6AA697D6A83}.Release|x86.ActiveCfg = Release|Any CPU
		{2764D577-1C5D-477E-A4FF-E6AA697D6A83}.Release|x86.Build.0 = Release|Any CPU
		{4E7B6125-CFC5-4641-8856-0D37E99F05B0}.Debug|Any CPU.ActiveCfg = Debug|Any CPU
		{4E7B6125-CFC5-4641-8856-0D37E99F05B0}.Debug|Any CPU.Build.0 = Debug|Any CPU
		{4E7B6125-CFC5-4641-8856-0D37E99F05B0}.Debug|x64.ActiveCfg = Debug|Any CPU
		{4E7B6125-CFC5-4641-8856-0D37E99F05B0}.Debug|x64.Build.0 = Debug|Any CPU
		{4E7B6125-CFC5-4641-8856-0D37E99F05B0}.Debug|x86.ActiveCfg = Debug|Any CPU
		{4E7B6125-CFC5-4641-8856-0D37E99F05B0}.Debug|x86.Build.0 = Debug|Any CPU
		{4E7B6125-CFC5-4641-8856-0D37E99F05B0}.Release|Any CPU.ActiveCfg = Release|Any CPU
		{4E7B6125-CFC5-4641-8856-0D37E99F05B0}.Release|Any CPU.Build.0 = Release|Any CPU
		{4E7B6125-CFC5-4641-8856-0D37E99F05B0}.Release|x64.ActiveCfg = Release|Any CPU
		{4E7B6125-CFC5-4641-8856-0D37E99F05B0}.Release|x64.Build.0 = Release|Any CPU
		{4E7B6125-CFC5-4641-8856-0D37E99F05B0}.Release|x86.ActiveCfg = Release|Any CPU
		{4E7B6125-CFC5-4641-8856-0D37E99F05B0}.Release|x86.Build.0 = Release|Any CPU
	EndGlobalSection
	GlobalSection(SolutionProperties) = preSolution
		HideSolutionNode = FALSE
	EndGlobalSection
	GlobalSection(ExtensibilityGlobals) = postSolution
		SolutionGuid = {CCFBFC60-D2C0-48AF-8999-1CF78ED7740E}
	EndGlobalSection
EndGlobal
